
Microsoft Visual Studio Solution File, Format Version 12.00
# Visual Studio Version 16
VisualStudioVersion = 16.0.29613.14
MinimumVisualStudioVersion = 10.0.40219.1
Project("{9A19103F-16F7-4668-BE54-9A1E7A4F7556}") = "DnDGen.EventGen", "DnDGen.EventGen\DnDGen.EventGen.csproj", "{5B369AEE-D27C-47DD-B484-0B84E4F9F97E}"
EndProject
Project("{9A19103F-16F7-4668-BE54-9A1E7A4F7556}") = "DnDGen.EventGen.Tests.Unit", "DnDGen.EventGen.Tests.Unit\DnDGen.EventGen.Tests.Unit.csproj", "{9351B4E7-72EC-4EA2-B86A-EF3957222D4E}"
EndProject
Project("{9A19103F-16F7-4668-BE54-9A1E7A4F7556}") = "DnDGen.EventGen.Tests.Integration", "DnDGen.EventGen.Tests.Integration\DnDGen.EventGen.Tests.Integration.csproj", "{C0EA94BE-4FBF-4F31-BD8D-01DFC2A3CF81}"
EndProject
Project("{9A19103F-16F7-4668-BE54-9A1E7A4F7556}") = "DnDGen.EventGen.Tests.Integration.Stress", "DnDGen.EventGen.Tests.Integration.Stress\DnDGen.EventGen.Tests.Integration.Stress.csproj", "{DBD3933F-E34B-4D97-8D07-4046F6077C7D}"
EndProject
Global
	GlobalSection(SolutionConfigurationPlatforms) = preSolution
		Debug|Any CPU = Debug|Any CPU
		Release|Any CPU = Release|Any CPU
	EndGlobalSection
	GlobalSection(ProjectConfigurationPlatforms) = postSolution
		{5B369AEE-D27C-47DD-B484-0B84E4F9F97E}.Debug|Any CPU.ActiveCfg = Debug|Any CPU
		{5B369AEE-D27C-47DD-B484-0B84E4F9F97E}.Debug|Any CPU.Build.0 = Debug|Any CPU
		{5B369AEE-D27C-47DD-B484-0B84E4F9F97E}.Release|Any CPU.ActiveCfg = Release|Any CPU
		{5B369AEE-D27C-47DD-B484-0B84E4F9F97E}.Release|Any CPU.Build.0 = Release|Any CPU
		{9351B4E7-72EC-4EA2-B86A-EF3957222D4E}.Debug|Any CPU.ActiveCfg = Debug|Any CPU
		{9351B4E7-72EC-4EA2-B86A-EF3957222D4E}.Debug|Any CPU.Build.0 = Debug|Any CPU
		{9351B4E7-72EC-4EA2-B86A-EF3957222D4E}.Release|Any CPU.ActiveCfg = Release|Any CPU
		{9351B4E7-72EC-4EA2-B86A-EF3957222D4E}.Release|Any CPU.Build.0 = Release|Any CPU
		{C0EA94BE-4FBF-4F31-BD8D-01DFC2A3CF81}.Debug|Any CPU.ActiveCfg = Debug|Any CPU
		{C0EA94BE-4FBF-4F31-BD8D-01DFC2A3CF81}.Debug|Any CPU.Build.0 = Debug|Any CPU
		{C0EA94BE-4FBF-4F31-BD8D-01DFC2A3CF81}.Release|Any CPU.ActiveCfg = Release|Any CPU
		{C0EA94BE-4FBF-4F31-BD8D-01DFC2A3CF81}.Release|Any CPU.Build.0 = Release|Any CPU
		{DBD3933F-E34B-4D97-8D07-4046F6077C7D}.Debug|Any CPU.ActiveCfg = Debug|Any CPU
		{DBD3933F-E34B-4D97-8D07-4046F6077C7D}.Debug|Any CPU.Build.0 = Debug|Any CPU
		{DBD3933F-E34B-4D97-8D07-4046F6077C7D}.Release|Any CPU.ActiveCfg = Release|Any CPU
		{DBD3933F-E34B-4D97-8D07-4046F6077C7D}.Release|Any CPU.Build.0 = Release|Any CPU
	EndGlobalSection
	GlobalSection(SolutionProperties) = preSolution
		HideSolutionNode = FALSE
	EndGlobalSection
	GlobalSection(ExtensibilityGlobals) = postSolution
		SolutionGuid = {EF4FB651-55B1-4DDC-AF4F-C40235F65A2A}
	EndGlobalSection
EndGlobal
